
Microsoft Visual Studio Solution File, Format Version 12.00
# Visual Studio Version 18
VisualStudioVersion = 18.1.11312.151
MinimumVisualStudioVersion = 10.0.40219.1
Project("{FAE04EC0-301F-11D3-BF4B-00C04F79EFBC}") = "MargamParkArchives.Explorer", "MargamParkArchives.Explorer\MargamParkArchives.Explorer.csproj", "{D525C865-E8FE-4451-94C0-C5F1AE7623A2}"
EndProject
Project("{FAE04EC0-301F-11D3-BF4B-00C04F79EFBC}") = "MargamParkArchives.Data.Tests", "MargamParkArchives.Data.Tests\MargamParkArchives.Data.Tests.csproj", "{198E5E28-5817-441A-82DC-B75E69349127}"
EndProject
Project("{FAE04EC0-301F-11D3-BF4B-00C04F79EFBC}") = "MargamParkArchives.Data", "MargamParkArchives.Data\MargamParkArchives.Data.csproj", "{A3288395-04BA-404A-A8A0-F31D374FEE70}"
EndProject
Project("{FAE04EC0-301F-11D3-BF4B-00C04F79EFBC}") = "MargamParkArchives.Explorer.Tests", "MargamParkArchives.Explorer.Tests\MargamParkArchives.Explorer.Tests.csproj", "{A73CAA11-DBCB-48A8-A56D-0FA3023201C0}"
EndProject
Project("{FAE04EC0-301F-11D3-BF4B-00C04F79EFBC}") = "MargamParkArchives.AdminConsole", "MargamParkArchives.AdminConsole\MargamParkArchives.AdminConsole.csproj", "{1776DD36-E2BE-454A-8BC3-E010C217B4BE}"
EndProject
Project("{FAE04EC0-301F-11D3-BF4B-00C04F79EFBC}") = "MargamParkArchives.SharedUI", "MargamParkArchives.SharedUI\MargamParkArchives.SharedUI.csproj", "{13789358-6025-444E-BB65-A55B23CFCB67}"
EndProject
Project("{FAE04EC0-301F-11D3-BF4B-00C04F79EFBC}") = "MargamParkArchives.Core", "MargamParkArchives.Core\MargamParkArchives.Core.csproj", "{763A3070-68D4-4004-A9FF-DA340F7B91E0}"
EndProject
Project("{FAE04EC0-301F-11D3-BF4B-00C04F79EFBC}") = "MargamParkArchives.Windows", "MargamParkArchives.Windows\MargamParkArchives.Windows.csproj", "{6CAFFCA0-CF18-47E3-B5FB-03892C0B46F5}"
EndProject
Global
	GlobalSection(SolutionConfigurationPlatforms) = preSolution
		Debug|ARM64 = Debug|ARM64
		Debug|x64 = Debug|x64
		Debug|x86 = Debug|x86
		Release|ARM64 = Release|ARM64
		Release|x64 = Release|x64
		Release|x86 = Release|x86
	EndGlobalSection
	GlobalSection(ProjectConfigurationPlatforms) = postSolution
		{D525C865-E8FE-4451-94C0-C5F1AE7623A2}.Debug|ARM64.ActiveCfg = Debug|ARM64
		{D525C865-E8FE-4451-94C0-C5F1AE7623A2}.Debug|ARM64.Build.0 = Debug|ARM64
		{D525C865-E8FE-4451-94C0-C5F1AE7623A2}.Debug|ARM64.Deploy.0 = Debug|ARM64
		{D525C865-E8FE-4451-94C0-C5F1AE7623A2}.Debug|x64.ActiveCfg = Debug|x64
		{D525C865-E8FE-4451-94C0-C5F1AE7623A2}.Debug|x64.Build.0 = Debug|x64
		{D525C865-E8FE-4451-94C0-C5F1AE7623A2}.Debug|x64.Deploy.0 = Debug|x64
		{D525C865-E8FE-4451-94C0-C5F1AE7623A2}.Debug|x86.ActiveCfg = Debug|x86
		{D525C865-E8FE-4451-94C0-C5F1AE7623A2}.Debug|x86.Build.0 = Debug|x86
		{D525C865-E8FE-4451-94C0-C5F1AE7623A2}.Debug|x86.Deploy.0 = Debug|x86
		{D525C865-E8FE-4451-94C0-C5F1AE7623A2}.Release|ARM64.ActiveCfg = Release|ARM64
		{D525C865-E8FE-4451-94C0-C5F1AE7623A2}.Release|ARM64.Build.0 = Release|ARM64
		{D525C865-E8FE-4451-94C0-C5F1AE7623A2}.Release|ARM64.Deploy.0 = Release|ARM64
		{D525C865-E8FE-4451-94C0-C5F1AE7623A2}.Release|x64.ActiveCfg = Release|x64
		{D525C865-E8FE-4451-94C0-C5F1AE7623A2}.Release|x64.Build.0 = Release|x64
		{D525C865-E8FE-4451-94C0-C5F1AE7623A2}.Release|x64.Deploy.0 = Release|x64
		{D525C865-E8FE-4451-94C0-C5F1AE7623A2}.Release|x86.ActiveCfg = Release|x86
		{D525C865-E8FE-4451-94C0-C5F1AE7623A2}.Release|x86.Build.0 = Release|x86
		{D525C865-E8FE-4451-94C0-C5F1AE7623A2}.Release|x86.Deploy.0 = Release|x86
		{198E5E28-5817-441A-82DC-B75E69349127}.Debug|ARM64.ActiveCfg = Debug|Any CPU
		{198E5E28-5817-441A-82DC-B75E69349127}.Debug|ARM64.Build.0 = Debug|Any CPU
		{198E5E28-5817-441A-82DC-B75E69349127}.Debug|x64.ActiveCfg = Debug|Any CPU
		{198E5E28-5817-441A-82DC-B75E69349127}.Debug|x64.Build.0 = Debug|Any CPU
		{198E5E28-5817-441A-82DC-B75E69349127}.Debug|x86.ActiveCfg = Debug|Any CPU
		{198E5E28-5817-441A-82DC-B75E69349127}.Debug|x86.Build.0 = Debug|Any CPU
		{198E5E28-5817-441A-82DC-B75E69349127}.Release|ARM64.ActiveCfg = Release|Any CPU
		{198E5E28-5817-441A-82DC-B75E69349127}.Release|ARM64.Build.0 = Release|Any CPU
		{198E5E28-5817-441A-82DC-B75E69349127}.Release|x64.ActiveCfg = Release|Any CPU
		{198E5E28-5817-441A-82DC-B75E69349127}.Release|x64.Build.0 = Release|Any CPU
		{198E5E28-5817-441A-82DC-B75E69349127}.Release|x86.ActiveCfg = Release|Any CPU
		{198E5E28-5817-441A-82DC-B75E69349127}.Release|x86.Build.0 = Release|Any CPU
		{A3288395-04BA-404A-A8A0-F31D374FEE70}.Debug|ARM64.ActiveCfg = Debug|Any CPU
		{A3288395-04BA-404A-A8A0-F31D374FEE70}.Debug|ARM64.Build.0 = Debug|Any CPU
		{A3288395-04BA-404A-A8A0-F31D374FEE70}.Debug|x64.ActiveCfg = Debug|Any CPU
		{A3288395-04BA-404A-A8A0-F31D374FEE70}.Debug|x64.Build.0 = Debug|Any CPU
		{A3288395-04BA-404A-A8A0-F31D374FEE70}.Debug|x86.ActiveCfg = Debug|Any CPU
		{A3288395-04BA-404A-A8A0-F31D374FEE70}.Debug|x86.Build.0 = Debug|Any CPU
		{A3288395-04BA-404A-A8A0-F31D374FEE70}.Release|ARM64.ActiveCfg = Release|Any CPU
		{A3288395-04BA-404A-A8A0-F31D374FEE70}.Release|ARM64.Build.0 = Release|Any CPU
		{A3288395-04BA-404A-A8A0-F31D374FEE70}.Release|x64.ActiveCfg = Release|Any CPU
		{A3288395-04BA-404A-A8A0-F31D374FEE70}.Release|x64.Build.0 = Release|Any CPU
		{A3288395-04BA-404A-A8A0-F31D374FEE70}.Release|x86.ActiveCfg = Release|Any CPU
		{A3288395-04BA-404A-A8A0-F31D374FEE70}.Release|x86.Build.0 = Release|Any CPU
		{A73CAA11-DBCB-48A8-A56D-0FA3023201C0}.Debug|ARM64.ActiveCfg = Debug|Any CPU
		{A73CAA11-DBCB-48A8-A56D-0FA3023201C0}.Debug|ARM64.Build.0 = Debug|Any CPU
		{A73CAA11-DBCB-48A8-A56D-0FA3023201C0}.Debug|x64.ActiveCfg = Debug|Any CPU
		{A73CAA11-DBCB-48A8-A56D-0FA3023201C0}.Debug|x64.Build.0 = Debug|Any CPU
		{A73CAA11-DBCB-48A8-A56D-0FA3023201C0}.Debug|x86.ActiveCfg = Debug|Any CPU
		{A73CAA11-DBCB-48A8-A56D-0FA3023201C0}.Debug|x86.Build.0 = Debug|Any CPU
		{A73CAA11-DBCB-48A8-A56D-0FA3023201C0}.Release|ARM64.ActiveCfg = Release|Any CPU
		{A73CAA11-DBCB-48A8-A56D-0FA3023201C0}.Release|ARM64.Build.0 = Release|Any CPU
		{A73CAA11-DBCB-48A8-A56D-0FA3023201C0}.Release|x64.ActiveCfg = Release|Any CPU
		{A73CAA11-DBCB-48A8-A56D-0FA3023201C0}.Release|x64.Build.0 = Release|Any CPU
		{A73CAA11-DBCB-48A8-A56D-0FA3023201C0}.Release|x86.ActiveCfg = Release|Any CPU
		{A73CAA11-DBCB-48A8-A56D-0FA3023201C0}.Release|x86.Build.0 = Release|Any CPU
		{1776DD36-E2BE-454A-8BC3-E010C217B4BE}.Debug|ARM64.ActiveCfg = Debug|ARM64
		{1776DD36-E2BE-454A-8BC3-E010C217B4BE}.Debug|ARM64.Build.0 = Debug|ARM64
		{1776DD36-E2BE-454A-8BC3-E010C217B4BE}.Debug|ARM64.Deploy.0 = Debug|ARM64
		{1776DD36-E2BE-454A-8BC3-E010C217B4BE}.Debug|x64.ActiveCfg = Debug|x64
		{1776DD36-E2BE-454A-8BC3-E010C217B4BE}.Debug|x64.Build.0 = Debug|x64
		{1776DD36-E2BE-454A-8BC3-E010C217B4BE}.Debug|x64.Deploy.0 = Debug|x64
		{1776DD36-E2BE-454A-8BC3-E010C217B4BE}.Debug|x86.ActiveCfg = Debug|x86
		{1776DD36-E2BE-454A-8BC3-E010C217B4BE}.Debug|x86.Build.0 = Debug|x86
		{1776DD36-E2BE-454A-8BC3-E010C217B4BE}.Debug|x86.Deploy.0 = Debug|x86
		{1776DD36-E2BE-454A-8BC3-E010C217B4BE}.Release|ARM64.ActiveCfg = Release|ARM64
		{1776DD36-E2BE-454A-8BC3-E010C217B4BE}.Release|ARM64.Build.0 = Release|ARM64
		{1776DD36-E2BE-454A-8BC3-E010C217B4BE}.Release|ARM64.Deploy.0 = Release|ARM64
		{1776DD36-E2BE-454A-8BC3-E010C217B4BE}.Release|x64.ActiveCfg = Release|x64
		{1776DD36-E2BE-454A-8BC3-E010C217B4BE}.Release|x64.Build.0 = Release|x64
		{1776DD36-E2BE-454A-8BC3-E010C217B4BE}.Release|x64.Deploy.0 = Release|x64
		{1776DD36-E2BE-454A-8BC3-E010C217B4BE}.Release|x86.ActiveCfg = Release|x86
		{1776DD36-E2BE-454A-8BC3-E010C217B4BE}.Release|x86.Build.0 = Release|x86
		{1776DD36-E2BE-454A-8BC3-E010C217B4BE}.Release|x86.Deploy.0 = Release|x86
		{13789358-6025-444E-BB65-A55B23CFCB67}.Debug|ARM64.ActiveCfg = Debug|Any CPU
		{13789358-6025-444E-BB65-A55B23CFCB67}.Debug|ARM64.Build.0 = Debug|Any CPU
		{13789358-6025-444E-BB65-A55B23CFCB67}.Debug|x64.ActiveCfg = Debug|Any CPU
		{13789358-6025-444E-BB65-A55B23CFCB67}.Debug|x64.Build.0 = Debug|Any CPU
		{13789358-6025-444E-BB65-A55B23CFCB67}.Debug|x86.ActiveCfg = Debug|Any CPU
		{13789358-6025-444E-BB65-A55B23CFCB67}.Debug|x86.Build.0 = Debug|Any CPU
		{13789358-6025-444E-BB65-A55B23CFCB67}.Release|ARM64.ActiveCfg = Release|Any CPU
		{13789358-6025-444E-BB65-A55B23CFCB67}.Release|ARM64.Build.0 = Release|Any CPU
		{13789358-6025-444E-BB65-A55B23CFCB67}.Release|x64.ActiveCfg = Release|Any CPU
		{13789358-6025-444E-BB65-A55B23CFCB67}.Release|x64.Build.0 = Release|Any CPU
		{13789358-6025-444E-BB65-A55B23CFCB67}.Release|x86.ActiveCfg = Release|Any CPU
		{13789358-6025-444E-BB65-A55B23CFCB67}.Release|x86.Build.0 = Release|Any CPU
		{763A3070-68D4-4004-A9FF-DA340F7B91E0}.Debug|ARM64.ActiveCfg = Debug|Any CPU
		{763A3070-68D4-4004-A9FF-DA340F7B91E0}.Debug|ARM64.Build.0 = Debug|Any CPU
		{763A3070-68D4-4004-A9FF-DA340F7B91E0}.Debug|x64.ActiveCfg = Debug|Any CPU
		{763A3070-68D4-4004-A9FF-DA340F7B91E0}.Debug|x64.Build.0 = Debug|Any CPU
		{763A3070-68D4-4004-A9FF-DA340F7B91E0}.Debug|x86.ActiveCfg = Debug|Any CPU
		{763A3070-68D4-4004-A9FF-DA340F7B91E0}.Debug|x86.Build.0 = Debug|Any CPU
		{763A3070-68D4-4004-A9FF-DA340F7B91E0}.Release|ARM64.ActiveCfg = Release|Any CPU
		{763A3070-68D4-4004-A9FF-DA340F7B91E0}.Release|ARM64.Build.0 = Release|Any CPU
		{763A3070-68D4-4004-A9FF-DA340F7B91E0}.Release|x64.ActiveCfg = Release|Any CPU
		{763A3070-68D4-4004-A9FF-DA340F7B91E0}.Release|x64.Build.0 = Release|Any CPU
		{763A3070-68D4-4004-A9FF-DA340F7B91E0}.Release|x86.ActiveCfg = Release|Any CPU
		{763A3070-68D4-4004-A9FF-DA340F7B91E0}.Release|x86.Build.0 = Release|Any CPU
		{6CAFFCA0-CF18-47E3-B5FB-03892C0B46F5}.Debug|ARM64.ActiveCfg = Debug|Any CPU
		{6CAFFCA0-CF18-47E3-B5FB-03892C0B46F5}.Debug|ARM64.Build.0 = Debug|Any CPU
		{6CAFFCA0-CF18-47E3-B5FB-03892C0B46F5}.Debug|x64.ActiveCfg = Debug|Any CPU
		{6CAFFCA0-CF18-47E3-B5FB-03892C0B46F5}.Debug|x64.Build.0 = Debug|Any CPU
		{6CAFFCA0-CF18-47E3-B5FB-03892C0B46F5}.Debug|x86.ActiveCfg = Debug|Any CPU
		{6CAFFCA0-CF18-47E3-B5FB-03892C0B46F5}.Debug|x86.Build.0 = Debug|Any CPU
		{6CAFFCA0-CF18-47E3-B5FB-03892C0B46F5}.Release|ARM64.ActiveCfg = Release|Any CPU
		{6CAFFCA0-CF18-47E3-B5FB-03892C0B46F5}.Release|ARM64.Build.0 = Release|Any CPU
		{6CAFFCA0-CF18-47E3-B5FB-03892C0B46F5}.Release|x64.ActiveCfg = Release|Any CPU
		{6CAFFCA0-CF18-47E3-B5FB-03892C0B46F5}.Release|x64.Build.0 = Release|Any CPU
		{6CAFFCA0-CF18-47E3-B5FB-03892C0B46F5}.Release|x86.ActiveCfg = Release|Any CPU
		{6CAFFCA0-CF18-47E3-B5FB-03892C0B46F5}.Release|x86.Build.0 = Release|Any CPU
	EndGlobalSection
	GlobalSection(SolutionProperties) = preSolution
		HideSolutionNode = FALSE
	EndGlobalSection
	GlobalSection(ExtensibilityGlobals) = postSolution
		SolutionGuid = {AF56D09F-DED0-4A42-8C6B-00C0014AE4A9}
	EndGlobalSection
EndGlobal
